{
  "name": "rivelaine",
  "version": "1.1.0",
  "lockfileVersion": 1,
  "requires": true,
  "dependencies": {
    "after-load": {
      "version": "1.0.4",
      "resolved": "https://registry.npmjs.org/after-load/-/after-load-1.0.4.tgz",
      "integrity": "sha1-l4HFuAz10JXTpmdFU8pTO6XIuEk="
    },
    "express": {
      "version": "4.15.3",
      "resolved": "https://registry.npmjs.org/express/-/express-4.15.3.tgz",
      "integrity": "sha1-urZdDwOqgMNYQIly/HAPkWlEtmI="
    },
    "fathom-web": {
      "version": "2.1.0",
      "resolved": "https://registry.npmjs.org/fathom-web/-/fathom-web-2.1.0.tgz",
      "integrity": "sha1-HabyweMdUGlGPdysD7VYmIk83gg="
    },
    "is-url": {
      "version": "1.2.2",
      "resolved": "https://registry.npmjs.org/is-url/-/is-url-1.2.2.tgz",
      "integrity": "sha1-SYkFpZO/R8wtnn9zg3K792lsfyY="
    },
    "jsdom": {
      "version": "7.2.2",
      "resolved": "https://registry.npmjs.org/jsdom/-/jsdom-7.2.2.tgz",
      "integrity": "sha1-QLQCdwwr2iNGkJa+6Rq2deOx/G4=",
      "dependencies": {
        "acorn": {
          "version": "2.7.0",
          "resolved": "https://registry.npmjs.org/acorn/-/acorn-2.7.0.tgz",
          "integrity": "sha1-q259nYhqrKiwhbwzEreaGYQz8Oc="
        },
        "acorn-globals": {
          "version": "1.0.9",
          "resolved": "https://registry.npmjs.org/acorn-globals/-/acorn-globals-1.0.9.tgz",
          "integrity": "sha1-VbtemGkVB7dFedBRNBMhfDgMVM8="
        },
        "parse5": {
          "version": "1.5.1",
          "resolved": "https://registry.npmjs.org/parse5/-/parse5-1.5.1.tgz",
          "integrity": "sha1-m387DeMr543CQBsXVzzK8Pb1nZQ="
        },
        "webidl-conversions": {
          "version": "2.0.1",
          "resolved": "https://registry.npmjs.org/webidl-conversions/-/webidl-conversions-2.0.1.tgz",
          "integrity": "sha1-O/glj30xjHRDw28uFpQCoaZwNQY="
        }
      }
    },
    "underscore": {
      "version": "1.12.1",
      "resolved": "https://registry.npmjs.org/underscore/-/underscore-1.12.1.tgz",
      "integrity": "sha512-hEQt0+ZLDVUMhebKxL4x1BTtDY7bavVofhZ9KZ4aI26X9SRaE+Y3m83XUL1UP2jn8ynjndwCCpEHdUG+9pP1Tw=="
    },
    "yargs": {
      "version": "8.0.2",
      "resolved": "https://registry.npmjs.org/yargs/-/yargs-8.0.2.tgz",
      "integrity": "sha1-YpmpBVsc78lp/355wdkY3Osiw2A="
    }
  }
}
